// !$*UTF8*$!
{
	archiveVersion = 1;
	classes = {
	};
	objectVersion = 55;
	objects = {

/* Begin PBXBuildFile section */
		A00EB8E1280A70B2008D8255 /* Statistics.storyboard in Resources */ = {isa = PBXBuildFile; fileRef = A00EB8E0280A70B2008D8255 /* Statistics.storyboard */; };
		A00EB8E5280A71A3008D8255 /* Budget.storyboard in Resources */ = {isa = PBXBuildFile; fileRef = A00EB8E4280A71A3008D8255 /* Budget.storyboard */; };
		A00EB8E9280A71F7008D8255 /* Add.storyboard in Resources */ = {isa = PBXBuildFile; fileRef = A00EB8E7280A71F7008D8255 /* Add.storyboard */; };
		A00EB8EC280A7225008D8255 /* Profile.storyboard in Resources */ = {isa = PBXBuildFile; fileRef = A00EB8EB280A7225008D8255 /* Profile.storyboard */; };
		A00EB8EE280A7515008D8255 /* SignIn.storyboard in Resources */ = {isa = PBXBuildFile; fileRef = A00EB8ED280A7515008D8255 /* SignIn.storyboard */; };
		A01748FF2807E0A00053C559 /* View.xib in Resources */ = {isa = PBXBuildFile; fileRef = A01748FE2807E0A00053C559 /* View.xib */; };
		A0185E6828067EC600986062 /* AppDelegate.swift in Sources */ = {isa = PBXBuildFile; fileRef = A0185E6728067EC600986062 /* AppDelegate.swift */; };
		A0185E6A28067EC600986062 /* SceneDelegate.swift in Sources */ = {isa = PBXBuildFile; fileRef = A0185E6928067EC600986062 /* SceneDelegate.swift */; };
		A0185E6C28067EC600986062 /* ViewController.swift in Sources */ = {isa = PBXBuildFile; fileRef = A0185E6B28067EC600986062 /* ViewController.swift */; };
		A0185E6F28067EC600986062 /* Main.storyboard in Resources */ = {isa = PBXBuildFile; fileRef = A0185E6D28067EC600986062 /* Main.storyboard */; };
		A0185E7128067EC700986062 /* Assets.xcassets in Resources */ = {isa = PBXBuildFile; fileRef = A0185E7028067EC700986062 /* Assets.xcassets */; };
		A0185E7428067EC700986062 /* LaunchScreen.storyboard in Resources */ = {isa = PBXBuildFile; fileRef = A0185E7228067EC700986062 /* LaunchScreen.storyboard */; };
		A0185E9B28068A8D00986062 /* ViewController.swift in Sources */ = {isa = PBXBuildFile; fileRef = A0185E6B28067EC600986062 /* ViewController.swift */; };
		A0185E9C28068A8D00986062 /* AppDelegate.swift in Sources */ = {isa = PBXBuildFile; fileRef = A0185E6728067EC600986062 /* AppDelegate.swift */; };
		A0185E9D28068A8D00986062 /* SceneDelegate.swift in Sources */ = {isa = PBXBuildFile; fileRef = A0185E6928067EC600986062 /* SceneDelegate.swift */; };
		A0185EA028068A8D00986062 /* LaunchScreen.storyboard in Resources */ = {isa = PBXBuildFile; fileRef = A0185E7228067EC700986062 /* LaunchScreen.storyboard */; };
		A0185EA128068A8D00986062 /* Assets.xcassets in Resources */ = {isa = PBXBuildFile; fileRef = A0185E7028067EC700986062 /* Assets.xcassets */; };
		A0185EA228068A8D00986062 /* Main.storyboard in Resources */ = {isa = PBXBuildFile; fileRef = A0185E6D28067EC600986062 /* Main.storyboard */; };
		A04A35D028092761009C4601 /* Transactions.storyboard in Resources */ = {isa = PBXBuildFile; fileRef = A04A35CF28092761009C4601 /* Transactions.storyboard */; };
		A0BD32D0283C972F00D1103C /* Colors.xcassets in Resources */ = {isa = PBXBuildFile; fileRef = A0BD32CF283C972F00D1103C /* Colors.xcassets */; };
/* End PBXBuildFile section */

/* Begin PBXFileReference section */
		A00EB8E0280A70B2008D8255 /* Statistics.storyboard */ = {isa = PBXFileReference; fileEncoding = 4; lastKnownFileType = file.storyboard; path = Statistics.storyboard; sourceTree = "<group>"; };
		A00EB8E4280A71A3008D8255 /* Budget.storyboard */ = {isa = PBXFileReference; fileEncoding = 4; lastKnownFileType = file.storyboard; path = Budget.storyboard; sourceTree = "<group>"; };
		A00EB8E8280A71F7008D8255 /* Base */ = {isa = PBXFileReference; lastKnownFileType = file.storyboard; name = Base; path = PlatziFinanzas/Application/Main/Main/Base.lproj/Add.storyboard; sourceTree = "<group>"; };
		A00EB8EB280A7225008D8255 /* Profile.storyboard */ = {isa = PBXFileReference; fileEncoding = 4; lastKnownFileType = file.storyboard; path = Profile.storyboard; sourceTree = "<group>"; };
		A00EB8ED280A7515008D8255 /* SignIn.storyboard */ = {isa = PBXFileReference; lastKnownFileType = file.storyboard; path = SignIn.storyboard; sourceTree = "<group>"; };
		A01748FE2807E0A00053C559 /* View.xib */ = {isa = PBXFileReference; lastKnownFileType = file.xib; path = View.xib; sourceTree = "<group>"; };
		A0185E6428067EC600986062 /* PlatziFinanzas.app */ = {isa = PBXFileReference; explicitFileType = wrapper.application; includeInIndex = 0; path = PlatziFinanzas.app; sourceTree = BUILT_PRODUCTS_DIR; };
		A0185E6728067EC600986062 /* AppDelegate.swift */ = {isa = PBXFileReference; lastKnownFileType = sourcecode.swift; path = AppDelegate.swift; sourceTree = "<group>"; };
		A0185E6928067EC600986062 /* SceneDelegate.swift */ = {isa = PBXFileReference; lastKnownFileType = sourcecode.swift; path = SceneDelegate.swift; sourceTree = "<group>"; };
		A0185E6B28067EC600986062 /* ViewController.swift */ = {isa = PBXFileReference; lastKnownFileType = sourcecode.swift; path = ViewController.swift; sourceTree = "<group>"; };
		A0185E6E28067EC600986062 /* Base */ = {isa = PBXFileReference; lastKnownFileType = file.storyboard; name = Base; path = Base.lproj/Main.storyboard; sourceTree = "<group>"; };
		A0185E7028067EC700986062 /* Assets.xcassets */ = {isa = PBXFileReference; lastKnownFileType = folder.assetcatalog; path = Assets.xcassets; sourceTree = "<group>"; };
		A0185E7328067EC700986062 /* Base */ = {isa = PBXFileReference; lastKnownFileType = file.storyboard; name = Base; path = Base.lproj/LaunchScreen.storyboard; sourceTree = "<group>"; };
		A0185E7528067EC700986062 /* Info.plist */ = {isa = PBXFileReference; lastKnownFileType = text.plist.xml; path = Info.plist; sourceTree = "<group>"; };
		A0185EA628068A8D00986062 /* Production.app */ = {isa = PBXFileReference; explicitFileType = wrapper.application; includeInIndex = 0; path = Production.app; sourceTree = BUILT_PRODUCTS_DIR; };
		A0185EA728068A8D00986062 /* Production.plist */ = {isa = PBXFileReference; lastKnownFileType = text.plist.xml; name = Production.plist; path = /Users/juniorsaraviao/Documents/PlatziFinanzas/Production.plist; sourceTree = "<absolute>"; };
		A04A35CF28092761009C4601 /* Transactions.storyboard */ = {isa = PBXFileReference; fileEncoding = 4; lastKnownFileType = file.storyboard; path = Transactions.storyboard; sourceTree = "<group>"; };
		A0BD32CF283C972F00D1103C /* Colors.xcassets */ = {isa = PBXFileReference; lastKnownFileType = folder.assetcatalog; path = Colors.xcassets; sourceTree = "<group>"; };
/* End PBXFileReference section */

/* Begin PBXFrameworksBuildPhase section */
		A0185E6128067EC600986062 /* Frameworks */ = {
			isa = PBXFrameworksBuildPhase;
			buildActionMask = 2147483647;
			files = (
			);
			runOnlyForDeploymentPostprocessing = 0;
		};
		A0185E9E28068A8D00986062 /* Frameworks */ = {
			isa = PBXFrameworksBuildPhase;
			buildActionMask = 2147483647;
			files = (
			);
			runOnlyForDeploymentPostprocessing = 0;
		};
/* End PBXFrameworksBuildPhase section */

/* Begin PBXGroup section */
		A00EB8E3280A7171008D8255 /* Statistics */ = {
			isa = PBXGroup;
			children = (
				A00EB8E0280A70B2008D8255 /* Statistics.storyboard */,
			);
			path = Statistics;
			sourceTree = "<group>";
		};
		A00EB8E6280A71AA008D8255 /* Budget */ = {
			isa = PBXGroup;
			children = (
				A00EB8E4280A71A3008D8255 /* Budget.storyboard */,
			);
			path = Budget;
			sourceTree = "<group>";
		};
		A00EB8EA280A71FC008D8255 /* Add */ = {
			isa = PBXGroup;
			children = (
				A00EB8E7280A71F7008D8255 /* Add.storyboard */,
			);
			path = Add;
			sourceTree = "<group>";
		};
		A0185E5B28067EC600986062 = {
			isa = PBXGroup;
			children = (
				A0185E6628067EC600986062 /* PlatziFinanzas */,
				A0185E6528067EC600986062 /* Products */,
			);
			sourceTree = "<group>";
		};
		A0185E6528067EC600986062 /* Products */ = {
			isa = PBXGroup;
			children = (
				A0185E6428067EC600986062 /* PlatziFinanzas.app */,
				A0185EA628068A8D00986062 /* Production.app */,
			);
			name = Products;
			sourceTree = "<group>";
		};
		A0185E6628067EC600986062 /* PlatziFinanzas */ = {
			isa = PBXGroup;
			children = (
				A0185EAA2807D8CE00986062 /* Resources */,
				A0185EA92807D86400986062 /* Base */,
				A0185EA82807D84F00986062 /* Application */,
				A0185E6928067EC600986062 /* SceneDelegate.swift */,
			);
			path = PlatziFinanzas;
			sourceTree = "<group>";
		};
		A0185EA82807D84F00986062 /* Application */ = {
			isa = PBXGroup;
			children = (
				A0185EAD2807D90D00986062 /* Main */,
				A0185EAC2807D8F700986062 /* Authentication */,
			);
			path = Application;
			sourceTree = "<group>";
		};
		A0185EA92807D86400986062 /* Base */ = {
			isa = PBXGroup;
			children = (
				A0185E6728067EC600986062 /* AppDelegate.swift */,
				A0185E7528067EC700986062 /* Info.plist */,
				A0185EA728068A8D00986062 /* Production.plist */,
				A0185E7228067EC700986062 /* LaunchScreen.storyboard */,
			);
			path = Base;
			sourceTree = "<group>";
		};
		A0185EAA2807D8CE00986062 /* Resources */ = {
			isa = PBXGroup;
			children = (
				A0BD32CE283C96F200D1103C /* Colors */,
				A0185EAB2807D8E200986062 /* Images */,
			);
			path = Resources;
			sourceTree = "<group>";
		};
		A0185EAB2807D8E200986062 /* Images */ = {
			isa = PBXGroup;
			children = (
				A0185E7028067EC700986062 /* Assets.xcassets */,
			);
			path = Images;
			sourceTree = "<group>";
		};
		A0185EAC2807D8F700986062 /* Authentication */ = {
			isa = PBXGroup;
			children = (
				A0185EAF2807D92000986062 /* Sign in */,
				A0185EAE2807D91700986062 /* Onboarding */,
			);
			path = Authentication;
			sourceTree = "<group>";
		};
		A0185EAD2807D90D00986062 /* Main */ = {
			isa = PBXGroup;
			children = (
				A00EB8EA280A71FC008D8255 /* Add */,
				A00EB8E6280A71AA008D8255 /* Budget */,
				A00EB8E3280A7171008D8255 /* Statistics */,
				A0185EB22807D94100986062 /* Main */,
				A0185EB12807D93500986062 /* Profile */,
				A0185EB02807D92900986062 /* Transactions */,
			);
			path = Main;
			sourceTree = "<group>";
		};
		A0185EAE2807D91700986062 /* Onboarding */ = {
			isa = PBXGroup;
			children = (
			);
			path = Onboarding;
			sourceTree = "<group>";
		};
		A0185EAF2807D92000986062 /* Sign in */ = {
			isa = PBXGroup;
			children = (
				A00EB8ED280A7515008D8255 /* SignIn.storyboard */,
			);
			path = "Sign in";
			sourceTree = "<group>";
		};
		A0185EB02807D92900986062 /* Transactions */ = {
			isa = PBXGroup;
			children = (
				A04A35CF28092761009C4601 /* Transactions.storyboard */,
			);
			path = Transactions;
			sourceTree = "<group>";
		};
		A0185EB12807D93500986062 /* Profile */ = {
			isa = PBXGroup;
			children = (
				A00EB8EB280A7225008D8255 /* Profile.storyboard */,
			);
			path = Profile;
			sourceTree = "<group>";
		};
		A0185EB22807D94100986062 /* Main */ = {
			isa = PBXGroup;
			children = (
				A0185E6B28067EC600986062 /* ViewController.swift */,
				A0185E6D28067EC600986062 /* Main.storyboard */,
				A01748FE2807E0A00053C559 /* View.xib */,
			);
			path = Main;
			sourceTree = "<group>";
		};
		A0BD32CE283C96F200D1103C /* Colors */ = {
			isa = PBXGroup;
			children = (
				A0BD32CF283C972F00D1103C /* Colors.xcassets */,
			);
			path = Colors;
			sourceTree = "<group>";
		};
/* End PBXGroup section */

/* Begin PBXNativeTarget section */
		A0185E6328067EC600986062 /* PlatziFinanzas */ = {
			isa = PBXNativeTarget;
			buildConfigurationList = A0185E7828067EC700986062 /* Build configuration list for PBXNativeTarget "PlatziFinanzas" */;
			buildPhases = (
				A0185E6028067EC600986062 /* Sources */,
				A0185E6128067EC600986062 /* Frameworks */,
				A0185E6228067EC600986062 /* Resources */,
			);
			buildRules = (
			);
			dependencies = (
			);
			name = PlatziFinanzas;
			productName = PlatziFinanzas;
			productReference = A0185E6428067EC600986062 /* PlatziFinanzas.app */;
			productType = "com.apple.product-type.application";
		};
		A0185E9928068A8D00986062 /* Production */ = {
			isa = PBXNativeTarget;
			buildConfigurationList = A0185EA328068A8D00986062 /* Build configuration list for PBXNativeTarget "Production" */;
			buildPhases = (
				A0185E9A28068A8D00986062 /* Sources */,
				A0185E9E28068A8D00986062 /* Frameworks */,
				A0185E9F28068A8D00986062 /* Resources */,
			);
			buildRules = (
			);
			dependencies = (
			);
			name = Production;
			productName = PlatziFinanzas;
			productReference = A0185EA628068A8D00986062 /* Production.app */;
			productType = "com.apple.product-type.application";
		};
/* End PBXNativeTarget section */

/* Begin PBXProject section */
		A0185E5C28067EC600986062 /* Project object */ = {
			isa = PBXProject;
			attributes = {
				BuildIndependentTargetsInParallel = 1;
				LastSwiftUpdateCheck = 1330;
				LastUpgradeCheck = 1330;
				TargetAttributes = {
					A0185E6328067EC600986062 = {
						CreatedOnToolsVersion = 13.3;
					};
				};
			};
			buildConfigurationList = A0185E5F28067EC600986062 /* Build configuration list for PBXProject "PlatziFinanzas" */;
			compatibilityVersion = "Xcode 13.0";
			developmentRegion = en;
			hasScannedForEncodings = 0;
			knownRegions = (
				en,
				Base,
			);
			mainGroup = A0185E5B28067EC600986062;
			productRefGroup = A0185E6528067EC600986062 /* Products */;
			projectDirPath = "";
			projectRoot = "";
			targets = (
				A0185E6328067EC600986062 /* PlatziFinanzas */,
				A0185E9928068A8D00986062 /* Production */,
			);
		};
/* End PBXProject section */

/* Begin PBXResourcesBuildPhase section */
		A0185E6228067EC600986062 /* Resources */ = {
			isa = PBXResourcesBuildPhase;
			buildActionMask = 2147483647;
			files = (
				A01748FF2807E0A00053C559 /* View.xib in Resources */,
				A0185E7428067EC700986062 /* LaunchScreen.storyboard in Resources */,
				A0BD32D0283C972F00D1103C /* Colors.xcassets in Resources */,
				A0185E7128067EC700986062 /* Assets.xcassets in Resources */,
				A00EB8E1280A70B2008D8255 /* Statistics.storyboard in Resources */,
				A0185E6F28067EC600986062 /* Main.storyboard in Resources */,
				A00EB8E5280A71A3008D8255 /* Budget.storyboard in Resources */,
				A00EB8EE280A7515008D8255 /* SignIn.storyboard in Resources */,
				A00EB8EC280A7225008D8255 /* Profile.storyboard in Resources */,
				A00EB8E9280A71F7008D8255 /* Add.storyboard in Resources */,
				A04A35D028092761009C4601 /* Transactions.storyboard in Resources */,
			);
			runOnlyForDeploymentPostprocessing = 0;
		};
		A0185E9F28068A8D00986062 /* Resources */ = {
			isa = PBXResourcesBuildPhase;
			buildActionMask = 2147483647;
			files = (
				A0185EA028068A8D00986062 /* LaunchScreen.storyboard in Resources */,
				A0185EA128068A8D00986062 /* Assets.xcassets in Resources */,
				A0185EA228068A8D00986062 /* Main.storyboard in Resources */,
			);
			runOnlyForDeploymentPostprocessing = 0;
		};
/* End PBXResourcesBuildPhase section */

/* Begin PBXSourcesBuildPhase section */
		A0185E6028067EC600986062 /* Sources */ = {
			isa = PBXSourcesBuildPhase;
			buildActionMask = 2147483647;
			files = (
				A0185E6C28067EC600986062 /* ViewController.swift in Sources */,
				A0185E6828067EC600986062 /* AppDelegate.swift in Sources */,
				A0185E6A28067EC600986062 /* SceneDelegate.swift in Sources */,
			);
			runOnlyForDeploymentPostprocessing = 0;
		};
		A0185E9A28068A8D00986062 /* Sources */ = {
			isa = PBXSourcesBuildPhase;
			buildActionMask = 2147483647;
			files = (
				A0185E9B28068A8D00986062 /* ViewController.swift in Sources */,
				A0185E9C28068A8D00986062 /* AppDelegate.swift in Sources */,
				A0185E9D28068A8D00986062 /* SceneDelegate.swift in Sources */,
			);
			runOnlyForDeploymentPostprocessing = 0;
		};
/* End PBXSourcesBuildPhase section */

/* Begin PBXVariantGroup section */
		A00EB8E7280A71F7008D8255 /* Add.storyboard */ = {
			isa = PBXVariantGroup;
			children = (
				A00EB8E8280A71F7008D8255 /* Base */,
			);
			name = Add.storyboard;
			sourceTree = "<group>";
		};
		A0185E6D28067EC600986062 /* Main.storyboard */ = {
			isa = PBXVariantGroup;
			children = (
				A0185E6E28067EC600986062 /* Base */,
			);
			name = Main.storyboard;
			sourceTree = "<group>";
		};
		A0185E7228067EC700986062 /* LaunchScreen.storyboard */ = {
			isa = PBXVariantGroup;
			children = (
				A0185E7328067EC700986062 /* Base */,
			);
			name = LaunchScreen.storyboard;
			sourceTree = "<group>";
		};
/* End PBXVariantGroup section */

/* Begin XCBuildConfiguration section */
		A0185E7628067EC700986062 /* Debug */ = {
			isa = XCBuildConfiguration;
			buildSettings = {
				ALWAYS_SEARCH_USER_PATHS = NO;
				CLANG_ANALYZER_NONNULL = YES;
				CLANG_ANALYZER_NUMBER_OBJECT_CONVERSION = YES_AGGRESSIVE;
				CLANG_CXX_LANGUAGE_STANDARD = "gnu++17";
				CLANG_ENABLE_MODULES = YES;
				CLANG_ENABLE_OBJC_ARC = YES;
				CLANG_ENABLE_OBJC_WEAK = YES;
				CLANG_WARN_BLOCK_CAPTURE_AUTORELEASING = YES;
				CLANG_WARN_BOOL_CONVERSION = YES;
				CLANG_WARN_COMMA = YES;
				CLANG_WARN_CONSTANT_CONVERSION = YES;
				CLANG_WARN_DEPRECATED_OBJC_IMPLEMENTATIONS = YES;
				CLANG_WARN_DIRECT_OBJC_ISA_USAGE = YES_ERROR;
				CLANG_WARN_DOCUMENTATION_COMMENTS = YES;
				CLANG_WARN_EMPTY_BODY = YES;
				CLANG_WARN_ENUM_CONVERSION = YES;
				CLANG_WARN_INFINITE_RECURSION = YES;
				CLANG_WARN_INT_CONVERSION = YES;
				CLANG_WARN_NON_LITERAL_NULL_CONVERSION = YES;
				CLANG_WARN_OBJC_IMPLICIT_RETAIN_SELF = YES;
				CLANG_WARN_OBJC_LITERAL_CONVERSION = YES;
				CLANG_WARN_OBJC_ROOT_CLASS = YES_ERROR;
				CLANG_WARN_QUOTED_INCLUDE_IN_FRAMEWORK_HEADER = YES;
				CLANG_WARN_RANGE_LOOP_ANALYSIS = YES;
				CLANG_WARN_STRICT_PROTOTYPES = YES;
				CLANG_WARN_SUSPICIOUS_MOVE = YES;
				CLANG_WARN_UNGUARDED_AVAILABILITY = YES_AGGRESSIVE;
				CLANG_WARN_UNREACHABLE_CODE = YES;
				CLANG_WARN__DUPLICATE_METHOD_MATCH = YES;
				COPY_PHASE_STRIP = NO;
				DEBUG_INFORMATION_FORMAT = dwarf;
				ENABLE_STRICT_OBJC_MSGSEND = YES;
				ENABLE_TESTABILITY = YES;
				GCC_C_LANGUAGE_STANDARD = gnu11;
				GCC_DYNAMIC_NO_PIC = NO;
				GCC_NO_COMMON_BLOCKS = YES;
				GCC_OPTIMIZATION_LEVEL = 0;
				GCC_PREPROCESSOR_DEFINITIONS = (
					"DEBUG=1",
					"$(inherited)",
				);
				GCC_WARN_64_TO_32_BIT_CONVERSION = YES;
				GCC_WARN_ABOUT_RETURN_TYPE = YES_ERROR;
				GCC_WARN_UNDECLARED_SELECTOR = YES;
				GCC_WARN_UNINITIALIZED_AUTOS = YES_AGGRESSIVE;
				GCC_WARN_UNUSED_FUNCTION = YES;
				GCC_WARN_UNUSED_VARIABLE = YES;
				IPHONEOS_DEPLOYMENT_TARGET = 15.4;
				MTL_ENABLE_DEBUG_INFO = INCLUDE_SOURCE;
				MTL_FAST_MATH = YES;
				ONLY_ACTIVE_ARCH = YES;
				SDKROOT = iphoneos;
				SWIFT_ACTIVE_COMPILATION_CONDITIONS = DEBUG;
				SWIFT_OPTIMIZATION_LEVEL = "-Onone";
			};
			name = Debug;
		};
		A0185E7728067EC700986062 /* Release */ = {
			isa = XCBuildConfiguration;
			buildSettings = {
				ALWAYS_SEARCH_USER_PATHS = NO;
				CLANG_ANALYZER_NONNULL = YES;
				CLANG_ANALYZER_NUMBER_OBJECT_CONVERSION = YES_AGGRESSIVE;
				CLANG_CXX_LANGUAGE_STANDARD = "gnu++17";
				CLANG_ENABLE_MODULES = YES;
				CLANG_ENABLE_OBJC_ARC = YES;
				CLANG_ENABLE_OBJC_WEAK = YES;
				CLANG_WARN_BLOCK_CAPTURE_AUTORELEASING = YES;
				CLANG_WARN_BOOL_CONVERSION = YES;
				CLANG_WARN_COMMA = YES;
				CLANG_WARN_CONSTANT_CONVERSION = YES;
				CLANG_WARN_DEPRECATED_OBJC_IMPLEMENTATIONS = YES;
				CLANG_WARN_DIRECT_OBJC_ISA_USAGE = YES_ERROR;
				CLANG_WARN_DOCUMENTATION_COMMENTS = YES;
				CLANG_WARN_EMPTY_BODY = YES;
				CLANG_WARN_ENUM_CONVERSION = YES;
				CLANG_WARN_INFINITE_RECURSION = YES;
				CLANG_WARN_INT_CONVERSION = YES;
				CLANG_WARN_NON_LITERAL_NULL_CONVERSION = YES;
				CLANG_WARN_OBJC_IMPLICIT_RETAIN_SELF = YES;
				CLANG_WARN_OBJC_LITERAL_CONVERSION = YES;
				CLANG_WARN_OBJC_ROOT_CLASS = YES_ERROR;
				CLANG_WARN_QUOTED_INCLUDE_IN_FRAMEWORK_HEADER = YES;
				CLANG_WARN_RANGE_LOOP_ANALYSIS = YES;
				CLANG_WARN_STRICT_PROTOTYPES = YES;
				CLANG_WARN_SUSPICIOUS_MOVE = YES;
				CLANG_WARN_UNGUARDED_AVAILABILITY = YES_AGGRESSIVE;
				CLANG_WARN_UNREACHABLE_CODE = YES;
				CLANG_WARN__DUPLICATE_METHOD_MATCH = YES;
				COPY_PHASE_STRIP = NO;
				DEBUG_INFORMATION_FORMAT = "dwarf-with-dsym";
				ENABLE_NS_ASSERTIONS = NO;
				ENABLE_STRICT_OBJC_MSGSEND = YES;
				GCC_C_LANGUAGE_STANDARD = gnu11;
				GCC_NO_COMMON_BLOCKS = YES;
				GCC_WARN_64_TO_32_BIT_CONVERSION = YES;
				GCC_WARN_ABOUT_RETURN_TYPE = YES_ERROR;
				GCC_WARN_UNDECLARED_SELECTOR = YES;
				GCC_WARN_UNINITIALIZED_AUTOS = YES_AGGRESSIVE;
				GCC_WARN_UNUSED_FUNCTION = YES;
				GCC_WARN_UNUSED_VARIABLE = YES;
				IPHONEOS_DEPLOYMENT_TARGET = 15.4;
				MTL_ENABLE_DEBUG_INFO = NO;
				MTL_FAST_MATH = YES;
				SDKROOT = iphoneos;
				SWIFT_COMPILATION_MODE = wholemodule;
				SWIFT_OPTIMIZATION_LEVEL = "-O";
				VALIDATE_PRODUCT = YES;
			};
			name = Release;
		};
		A0185E7928067EC700986062 /* Debug */ = {
			isa = XCBuildConfiguration;
			buildSettings = {
				ASSETCATALOG_COMPILER_APPICON_NAME = AppIcon;
				ASSETCATALOG_COMPILER_GLOBAL_ACCENT_COLOR_NAME = AccentColor;
				CODE_SIGN_STYLE = Automatic;
				CURRENT_PROJECT_VERSION = 1;
				DEVELOPMENT_TEAM = KQYDJNLD47;
				GENERATE_INFOPLIST_FILE = YES;
				INFOPLIST_FILE = PlatziFinanzas/Base/Info.plist;
				INFOPLIST_KEY_UIApplicationSupportsIndirectInputEvents = YES;
				INFOPLIST_KEY_UILaunchStoryboardName = LaunchScreen;
				INFOPLIST_KEY_UIMainStoryboardFile = Main;
				INFOPLIST_KEY_UISupportedInterfaceOrientations_iPad = "UIInterfaceOrientationPortrait UIInterfaceOrientationPortraitUpsideDown UIInterfaceOrientationLandscapeLeft UIInterfaceOrientationLandscapeRight";
				INFOPLIST_KEY_UISupportedInterfaceOrientations_iPhone = "UIInterfaceOrientationPortrait UIInterfaceOrientationLandscapeLeft UIInterfaceOrientationLandscapeRight";
				LD_RUNPATH_SEARCH_PATHS = (
					"$(inherited)",
					"@executable_path/Frameworks",
				);
				MARKETING_VERSION = 1.0;
				PRODUCT_BUNDLE_IDENTIFIER = com.test.PlatziFinanzas;
				PRODUCT_NAME = "$(TARGET_NAME)";
				SWIFT_EMIT_LOC_STRINGS = YES;
				SWIFT_VERSION = 5.0;
				TARGETED_DEVICE_FAMILY = 1;
			};
			name = Debug;
		};
		A0185E7A28067EC700986062 /* Release */ = {
			isa = XCBuildConfiguration;
			buildSettings = {
				ASSETCATALOG_COMPILER_APPICON_NAME = AppIcon;
				ASSETCATALOG_COMPILER_GLOBAL_ACCENT_COLOR_NAME = AccentColor;
				CODE_SIGN_STYLE = Automatic;
				CURRENT_PROJECT_VERSION = 1;
				DEVELOPMENT_TEAM = KQYDJNLD47;
				GENERATE_INFOPLIST_FILE = YES;
				INFOPLIST_FILE = PlatziFinanzas/Base/Info.plist;
				INFOPLIST_KEY_UIApplicationSupportsIndirectInputEvents = YES;
				INFOPLIST_KEY_UILaunchStoryboardName = LaunchScreen;
				INFOPLIST_KEY_UIMainStoryboardFile = Main;
				INFOPLIST_KEY_UISupportedInterfaceOrientations_iPad = "UIInterfaceOrientationPortrait UIInterfaceOrientationPortraitUpsideDown UIInterfaceOrientationLandscapeLeft UIInterfaceOrientationLandscapeRight";
				INFOPLIST_KEY_UISupportedInterfaceOrientations_iPhone = "UIInterfaceOrientationPortrait UIInterfaceOrientationLandscapeLeft UIInterfaceOrientationLandscapeRight";
				LD_RUNPATH_SEARCH_PATHS = (
					"$(inherited)",
					"@executable_path/Frameworks",
				);
				MARKETING_VERSION = 1.0;
				PRODUCT_BUNDLE_IDENTIFIER = com.test.PlatziFinanzas;
				PRODUCT_NAME = "$(TARGET_NAME)";
				SWIFT_EMIT_LOC_STRINGS = YES;
				SWIFT_VERSION = 5.0;
				TARGETED_DEVICE_FAMILY = 1;
			};
			name = Release;
		};
		A0185EA428068A8D00986062 /* Debug */ = {
			isa = XCBuildConfiguration;
			buildSettings = {
				ASSETCATALOG_COMPILER_APPICON_NAME = AppIcon;
				ASSETCATALOG_COMPILER_GLOBAL_ACCENT_COLOR_NAME = AccentColor;
				CODE_SIGN_STYLE = Automatic;
				CURRENT_PROJECT_VERSION = 1;
				DEVELOPMENT_TEAM = KQYDJNLD47;
				GENERATE_INFOPLIST_FILE = YES;
				INFOPLIST_FILE = Production.plist;
				INFOPLIST_KEY_UIApplicationSupportsIndirectInputEvents = YES;
				INFOPLIST_KEY_UILaunchStoryboardName = LaunchScreen;
				INFOPLIST_KEY_UIMainStoryboardFile = Main;
				INFOPLIST_KEY_UISupportedInterfaceOrientations_iPad = "UIInterfaceOrientationPortrait UIInterfaceOrientationPortraitUpsideDown UIInterfaceOrientationLandscapeLeft UIInterfaceOrientationLandscapeRight";
				INFOPLIST_KEY_UISupportedInterfaceOrientations_iPhone = "UIInterfaceOrientationPortrait UIInterfaceOrientationLandscapeLeft UIInterfaceOrientationLandscapeRight";
				LD_RUNPATH_SEARCH_PATHS = (
					"$(inherited)",
					"@executable_path/Frameworks",
				);
				MARKETING_VERSION = 1.0;
				PRODUCT_BUNDLE_IDENTIFIER = com.test.PlatziFinanzas;
				PRODUCT_NAME = "$(TARGET_NAME)";
				SWIFT_EMIT_LOC_STRINGS = YES;
				SWIFT_VERSION = 5.0;
				TARGETED_DEVICE_FAMILY = 1;
			};
			name = Debug;
		};
		A0185EA528068A8D00986062 /* Release */ = {
			isa = XCBuildConfiguration;
			buildSettings = {
				ASSETCATALOG_COMPILER_APPICON_NAME = AppIcon;
				ASSETCATALOG_COMPILER_GLOBAL_ACCENT_COLOR_NAME = AccentColor;
				CODE_SIGN_STYLE = Automatic;
				CURRENT_PROJECT_VERSION = 1;
				DEVELOPMENT_TEAM = KQYDJNLD47;
				GENERATE_INFOPLIST_FILE = YES;
				INFOPLIST_FILE = Production.plist;
				INFOPLIST_KEY_UIApplicationSupportsIndirectInputEvents = YES;
				INFOPLIST_KEY_UILaunchStoryboardName = LaunchScreen;
				INFOPLIST_KEY_UIMainStoryboardFile = Main;
				INFOPLIST_KEY_UISupportedInterfaceOrientations_iPad = "UIInterfaceOrientationPortrait UIInterfaceOrientationPortraitUpsideDown UIInterfaceOrientationLandscapeLeft UIInterfaceOrientationLandscapeRight";
				INFOPLIST_KEY_UISupportedInterfaceOrientations_iPhone = "UIInterfaceOrientationPortrait UIInterfaceOrientationLandscapeLeft UIInterfaceOrientationLandscapeRight";
				LD_RUNPATH_SEARCH_PATHS = (
					"$(inherited)",
					"@executable_path/Frameworks",
				);
				MARKETING_VERSION = 1.0;
				PRODUCT_BUNDLE_IDENTIFIER = com.test.PlatziFinanzas;
				PRODUCT_NAME = "$(TARGET_NAME)";
				SWIFT_EMIT_LOC_STRINGS = YES;
				SWIFT_VERSION = 5.0;
				TARGETED_DEVICE_FAMILY = 1;
			};
			name = Release;
		};
/* End XCBuildConfiguration section */

/* Begin XCConfigurationList section */
		A0185E5F28067EC600986062 /* Build configuration list for PBXProject "PlatziFinanzas" */ = {
			isa = XCConfigurationList;
			buildConfigurations = (
				A0185E7628067EC700986062 /* Debug */,
				A0185E7728067EC700986062 /* Release */,
			);
			defaultConfigurationIsVisible = 0;
			defaultConfigurationName = Release;
		};
		A0185E7828067EC700986062 /* Build configuration list for PBXNativeTarget "PlatziFinanzas" */ = {
			isa = XCConfigurationList;
			buildConfigurations = (
				A0185E7928067EC700986062 /* Debug */,
				A0185E7A28067EC700986062 /* Release */,
			);
			defaultConfigurationIsVisible = 0;
			defaultConfigurationName = Release;
		};
		A0185EA328068A8D00986062 /* Build configuration list for PBXNativeTarget "Production" */ = {
			isa = XCConfigurationList;
			buildConfigurations = (
				A0185EA428068A8D00986062 /* Debug */,
				A0185EA528068A8D00986062 /* Release */,
			);
			defaultConfigurationIsVisible = 0;
			defaultConfigurationName = Release;
		};
/* End XCConfigurationList section */
	};
	rootObject = A0185E5C28067EC600986062 /* Project object */;
}
